
Microsoft Visual Studio Solution File, Format Version 12.00
# Visual Studio Version 17
VisualStudioVersion = 17.9.34701.34
MinimumVisualStudioVersion = 10.0.40219.1
Project("{FAE04EC0-301F-11D3-BF4B-00C04F79EFBC}") = "WGMansion.Api", "WGMansion.Api.csproj", "{EA864B1D-E91A-44D8-9AF7-AA70242DB381}"
EndProject
Project("{FAE04EC0-301F-11D3-BF4B-00C04F79EFBC}") = "WGMansion.Api.UnitTests", "..\WGMansion.Api.UnitTests\WGMansion.Api.UnitTests.csproj", "{FB56462F-0B43-4A80-A53A-5808DC8FEFE4}"
EndProject
Global
	GlobalSection(SolutionConfigurationPlatforms) = preSolution
		Debug|Any CPU = Debug|Any CPU
		Release|Any CPU = Release|Any CPU
	EndGlobalSection
	GlobalSection(ProjectConfigurationPlatforms) = postSolution
		{EA864B1D-E91A-44D8-9AF7-AA70242DB381}.Debug|Any CPU.ActiveCfg = Debug|Any CPU
		{EA864B1D-E91A-44D8-9AF7-AA70242DB381}.Debug|Any CPU.Build.0 = Debug|Any CPU
		{EA864B1D-E91A-44D8-9AF7-AA70242DB381}.Release|Any CPU.ActiveCfg = Release|Any CPU
		{EA864B1D-E91A-44D8-9AF7-AA70242DB381}.Release|Any CPU.Build.0 = Release|Any CPU
		{FB56462F-0B43-4A80-A53A-5808DC8FEFE4}.Debug|Any CPU.ActiveCfg = Debug|Any CPU
		{FB56462F-0B43-4A80-A53A-5808DC8FEFE4}.Debug|Any CPU.Build.0 = Debug|Any CPU
		{FB56462F-0B43-4A80-A53A-5808DC8FEFE4}.Release|Any CPU.ActiveCfg = Release|Any CPU
		{FB56462F-0B43-4A80-A53A-5808DC8FEFE4}.Release|Any CPU.Build.0 = Release|Any CPU
	EndGlobalSection
	GlobalSection(SolutionProperties) = preSolution
		HideSolutionNode = FALSE
	EndGlobalSection
	GlobalSection(ExtensibilityGlobals) = postSolution
		SolutionGuid = {77C59FFE-77B1-4548-A701-B73379126AA8}
	EndGlobalSection
EndGlobal
